
Microsoft Visual Studio Solution File, Format Version 12.00
# Visual Studio 15
VisualStudioVersion = 15.0.27703.2047
MinimumVisualStudioVersion = 10.0.40219.1
Project("{9A19103F-16F7-4668-BE54-9A1E7A4F7556}") = "ConsoleApp2", "ConsoleApp2\ConsoleApp2.csproj", "{FFBA6E57-B8C8-437F-B89F-C1153A0272F2}"
EndProject
Project("{FAE04EC0-301F-11D3-BF4B-00C04F79EFBC}") = "car.id.server", "car.number.ua.server\car.id.server.csproj", "{D9A06D93-6B0C-460F-B479-2C88C4179881}"
EndProject
Global
	GlobalSection(SolutionConfigurationPlatforms) = preSolution
		Debug|Any CPU = Debug|Any CPU
		Release|Any CPU = Release|Any CPU
	EndGlobalSection
	GlobalSection(ProjectConfigurationPlatforms) = postSolution
		{FFBA6E57-B8C8-437F-B89F-C1153A0272F2}.Debug|Any CPU.ActiveCfg = Debug|Any CPU
		{FFBA6E57-B8C8-437F-B89F-C1153A0272F2}.Debug|Any CPU.Build.0 = Debug|Any CPU
		{FFBA6E57-B8C8-437F-B89F-C1153A0272F2}.Release|Any CPU.ActiveCfg = Release|Any CPU
		{FFBA6E57-B8C8-437F-B89F-C1153A0272F2}.Release|Any CPU.Build.0 = Release|Any CPU
		{D9A06D93-6B0C-460F-B479-2C88C4179881}.Debug|Any CPU.ActiveCfg = Debug|Any CPU
		{D9A06D93-6B0C-460F-B479-2C88C4179881}.Debug|Any CPU.Build.0 = Debug|Any CPU
		{D9A06D93-6B0C-460F-B479-2C88C4179881}.Release|Any CPU.ActiveCfg = Release|Any CPU
		{D9A06D93-6B0C-460F-B479-2C88C4179881}.Release|Any CPU.Build.0 = Release|Any CPU
	EndGlobalSection
	GlobalSection(SolutionProperties) = preSolution
		HideSolutionNode = FALSE
	EndGlobalSection
	GlobalSection(ExtensibilityGlobals) = postSolution
		SolutionGuid = {6FB76F46-9689-432E-BCC2-0AEE25C9879A}
	EndGlobalSection
EndGlobal
